
Microsoft Visual Studio Solution File, Format Version 12.00
# Visual Studio Version 17
VisualStudioVersion = 17.0.31903.59
MinimumVisualStudioVersion = 10.0.40219.1
Project("{2150E333-8FDC-42A3-9474-1A3956D46DE8}") = "src", "src", "{20CA226F-F59D-49E5-9323-65D77CB858ED}"
EndProject
Project("{2150E333-8FDC-42A3-9474-1A3956D46DE8}") = "Services", "Services", "{98137FC5-4ECB-4EB5-97FB-497B5DFED5DC}"
EndProject
Project("{2150E333-8FDC-42A3-9474-1A3956D46DE8}") = "Catalog", "Catalog", "{FE0661C4-D4EF-4E3B-8431-365749B0D805}"
EndProject
Project("{FAE04EC0-301F-11D3-BF4B-00C04F79EFBC}") = "Catalog.API", "src\Services\Catalog\Catalog.API\Catalog.API.csproj", "{85E3CE9B-9A20-4740-B8AF-220C5252AA88}"
EndProject
Project("{FAE04EC0-301F-11D3-BF4B-00C04F79EFBC}") = "Catalog.Application", "src\Services\Catalog\Catalog.Application\Catalog.Application.csproj", "{4A17A546-33EE-422E-B5F2-48B4637F073C}"
EndProject
Project("{FAE04EC0-301F-11D3-BF4B-00C04F79EFBC}") = "Catalog.Domain", "src\Services\Catalog\Catalog.Domain\Catalog.Domain.csproj", "{1CF2B2CF-ECFF-49C5-9257-2AB96BD8F8FE}"
EndProject
Project("{FAE04EC0-301F-11D3-BF4B-00C04F79EFBC}") = "Catalog.Infrastructure", "src\Services\Catalog\Catalog.Infrastructure\Catalog.Infrastructure.csproj", "{0029CB92-6FD0-4D54-80E0-5EB93C10EF17}"
EndProject
Project("{2150E333-8FDC-42A3-9474-1A3956D46DE8}") = "Solution Items", "Solution Items", "{64AA1CB9-F6A0-4B0D-B9DE-11B061DEB8F2}"
	ProjectSection(SolutionItems) = preProject
		docker-compose-prod.yaml = docker-compose-prod.yaml
		.gitignore = .gitignore
		.env = .env
	EndProjectSection
EndProject
Project("{2150E333-8FDC-42A3-9474-1A3956D46DE8}") = "Shared", "Shared", "{4DC1768A-C1B2-4430-AC70-CB3B72CDAFE5}"
EndProject
Project("{FAE04EC0-301F-11D3-BF4B-00C04F79EFBC}") = "Common.Kernel", "src\Shared\Common.Kernel\Common.Kernel.csproj", "{38D78362-4B2F-47C2-B53F-EA772ED8F9A7}"
EndProject
Project("{2150E333-8FDC-42A3-9474-1A3956D46DE8}") = "Basket", "Basket", "{43411225-31A0-468E-8E12-50867867FA0D}"
EndProject
Project("{FAE04EC0-301F-11D3-BF4B-00C04F79EFBC}") = "Basket.API", "src\Services\Basket\Basket.API\Basket.API.csproj", "{A355DD1B-C71C-4137-A297-C6C5D733CFB8}"
EndProject
Global
	GlobalSection(SolutionConfigurationPlatforms) = preSolution
		Debug|Any CPU = Debug|Any CPU
		Release|Any CPU = Release|Any CPU
	EndGlobalSection
	GlobalSection(SolutionProperties) = preSolution
		HideSolutionNode = FALSE
	EndGlobalSection
	GlobalSection(ProjectConfigurationPlatforms) = postSolution
		{85E3CE9B-9A20-4740-B8AF-220C5252AA88}.Debug|Any CPU.ActiveCfg = Debug|Any CPU
		{85E3CE9B-9A20-4740-B8AF-220C5252AA88}.Debug|Any CPU.Build.0 = Debug|Any CPU
		{85E3CE9B-9A20-4740-B8AF-220C5252AA88}.Release|Any CPU.ActiveCfg = Release|Any CPU
		{85E3CE9B-9A20-4740-B8AF-220C5252AA88}.Release|Any CPU.Build.0 = Release|Any CPU
		{4A17A546-33EE-422E-B5F2-48B4637F073C}.Debug|Any CPU.ActiveCfg = Debug|Any CPU
		{4A17A546-33EE-422E-B5F2-48B4637F073C}.Debug|Any CPU.Build.0 = Debug|Any CPU
		{4A17A546-33EE-422E-B5F2-48B4637F073C}.Release|Any CPU.ActiveCfg = Release|Any CPU
		{4A17A546-33EE-422E-B5F2-48B4637F073C}.Release|Any CPU.Build.0 = Release|Any CPU
		{1CF2B2CF-ECFF-49C5-9257-2AB96BD8F8FE}.Debug|Any CPU.ActiveCfg = Debug|Any CPU
		{1CF2B2CF-ECFF-49C5-9257-2AB96BD8F8FE}.Debug|Any CPU.Build.0 = Debug|Any CPU
		{1CF2B2CF-ECFF-49C5-9257-2AB96BD8F8FE}.Release|Any CPU.ActiveCfg = Release|Any CPU
		{1CF2B2CF-ECFF-49C5-9257-2AB96BD8F8FE}.Release|Any CPU.Build.0 = Release|Any CPU
		{0029CB92-6FD0-4D54-80E0-5EB93C10EF17}.Debug|Any CPU.ActiveCfg = Debug|Any CPU
		{0029CB92-6FD0-4D54-80E0-5EB93C10EF17}.Debug|Any CPU.Build.0 = Debug|Any CPU
		{0029CB92-6FD0-4D54-80E0-5EB93C10EF17}.Release|Any CPU.ActiveCfg = Release|Any CPU
		{0029CB92-6FD0-4D54-80E0-5EB93C10EF17}.Release|Any CPU.Build.0 = Release|Any CPU
		{38D78362-4B2F-47C2-B53F-EA772ED8F9A7}.Debug|Any CPU.ActiveCfg = Debug|Any CPU
		{38D78362-4B2F-47C2-B53F-EA772ED8F9A7}.Debug|Any CPU.Build.0 = Debug|Any CPU
		{38D78362-4B2F-47C2-B53F-EA772ED8F9A7}.Release|Any CPU.ActiveCfg = Release|Any CPU
		{38D78362-4B2F-47C2-B53F-EA772ED8F9A7}.Release|Any CPU.Build.0 = Release|Any CPU
		{A355DD1B-C71C-4137-A297-C6C5D733CFB8}.Debug|Any CPU.ActiveCfg = Debug|Any CPU
		{A355DD1B-C71C-4137-A297-C6C5D733CFB8}.Debug|Any CPU.Build.0 = Debug|Any CPU
		{A355DD1B-C71C-4137-A297-C6C5D733CFB8}.Release|Any CPU.ActiveCfg = Release|Any CPU
		{A355DD1B-C71C-4137-A297-C6C5D733CFB8}.Release|Any CPU.Build.0 = Release|Any CPU
	EndGlobalSection
	GlobalSection(NestedProjects) = preSolution
		{98137FC5-4ECB-4EB5-97FB-497B5DFED5DC} = {20CA226F-F59D-49E5-9323-65D77CB858ED}
		{FE0661C4-D4EF-4E3B-8431-365749B0D805} = {98137FC5-4ECB-4EB5-97FB-497B5DFED5DC}
		{85E3CE9B-9A20-4740-B8AF-220C5252AA88} = {FE0661C4-D4EF-4E3B-8431-365749B0D805}
		{4A17A546-33EE-422E-B5F2-48B4637F073C} = {FE0661C4-D4EF-4E3B-8431-365749B0D805}
		{1CF2B2CF-ECFF-49C5-9257-2AB96BD8F8FE} = {FE0661C4-D4EF-4E3B-8431-365749B0D805}
		{0029CB92-6FD0-4D54-80E0-5EB93C10EF17} = {FE0661C4-D4EF-4E3B-8431-365749B0D805}
		{4DC1768A-C1B2-4430-AC70-CB3B72CDAFE5} = {20CA226F-F59D-49E5-9323-65D77CB858ED}
		{38D78362-4B2F-47C2-B53F-EA772ED8F9A7} = {4DC1768A-C1B2-4430-AC70-CB3B72CDAFE5}
		{43411225-31A0-468E-8E12-50867867FA0D} = {98137FC5-4ECB-4EB5-97FB-497B5DFED5DC}
		{A355DD1B-C71C-4137-A297-C6C5D733CFB8} = {43411225-31A0-468E-8E12-50867867FA0D}
	EndGlobalSection
EndGlobal
